{
  "requires": true,
  "lockfileVersion": 1,
  "dependencies": {
    "primeflex": {
      "version": "2.0.0",
      "resolved": "https://registry.npmjs.org/primeflex/-/primeflex-2.0.0.tgz",
      "integrity": "sha512-t6AG3iRI1rh04uI+9nC4JSlbKfA8PnpRDFtjyqi3rDSLRgdfOuhIiunJbjVQ4alnnCfuQAAbVyde1AKN9QxT/w=="
    },
    "primeicons": {
      "version": "5.0.0",
      "resolved": "https://registry.npmjs.org/primeicons/-/primeicons-5.0.0.tgz",
      "integrity": "sha512-heygWF0X5HFI1otlZE62pp6ye7sZ8om78J9au2BRkg8O7Y8AHTZ9qKMRzchZUHLe8zUAvdi6hZzzm9XxgwIExw=="
    },
    "primevue": {
      "version": "2.8.0",
      "resolved": "https://registry.npmjs.org/primevue/-/primevue-2.8.0.tgz",
      "integrity": "sha512-Ky7AtQmXkxnqvcdQPjnh+vRbF0Q4PUL7P9HDiWAbjc4y8fgfvZ6USQgorJkbpccg1fLYA3iGwUmIqd65wJkljA=="
    }
  }
}
